
Microsoft Visual Studio Solution File, Format Version 12.00
# Visual Studio 15
VisualStudioVersion = 15.0.27703.2026
MinimumVisualStudioVersion = 10.0.40219.1
Project("{2150E333-8FDC-42A3-9474-1A3956D46DE8}") = "Tests", "Tests", "{33069CF8-46E5-43EB-A59A-39B33F07C86C}"
EndProject
Project("{6EC3EE1D-3C4E-46DD-8F32-0CC8E7565705}") = "Uhouse.Core.Web", "Uhouse.Core.Web\Uhouse.Core.Web.fsproj", "{8151D495-CE67-443A-B0B2-C09393C2E67A}"
EndProject
Project("{6EC3EE1D-3C4E-46DD-8F32-0CC8E7565705}") = "Uhouse.Hardware.PinControl", "Uhouse.Hardware.PinControl\Uhouse.Hardware.PinControl.fsproj", "{AE584480-D813-4BE2-9600-C27A80E4B45B}"
EndProject
Project("{6EC3EE1D-3C4E-46DD-8F32-0CC8E7565705}") = "Uhouse.Hardware.DS18S20", "Uhouse.Hardware.DS18S20\Uhouse.Hardware.DS18S20.fsproj", "{E086675A-7E63-47D7-BCEB-A0A6C6A86970}"
EndProject
Project("{6EC3EE1D-3C4E-46DD-8F32-0CC8E7565705}") = "Test.Uhouse.Hardware.DS18S20", "Test.Uhouse.Hardware.DS18S20\Test.Uhouse.Hardware.DS18S20.fsproj", "{10F0897B-10A5-4A21-B6BA-D97E3EAF320A}"
EndProject
Project("{6EC3EE1D-3C4E-46DD-8F32-0CC8E7565705}") = "Uhouse.Core.PinScheduler", "Uhouse.Core.PinScheduler\Uhouse.Core.PinScheduler.fsproj", "{26313BE2-81EA-4023-8323-1743E4675762}"
EndProject
Project("{F2A71F9B-5D33-465A-A702-920D77279786}") = "Test.Uhouse.Core.PinSchedule", "Test.Uhouse.Core.PinSchedule\Test.Uhouse.Core.PinSchedule.fsproj", "{1A4DF909-6A28-47E7-8AB6-96B8A410396E}"
EndProject
Global
	GlobalSection(SolutionConfigurationPlatforms) = preSolution
		Debug|Any CPU = Debug|Any CPU
		Release|Any CPU = Release|Any CPU
	EndGlobalSection
	GlobalSection(ProjectConfigurationPlatforms) = postSolution
		{8151D495-CE67-443A-B0B2-C09393C2E67A}.Debug|Any CPU.ActiveCfg = Debug|Any CPU
		{8151D495-CE67-443A-B0B2-C09393C2E67A}.Debug|Any CPU.Build.0 = Debug|Any CPU
		{8151D495-CE67-443A-B0B2-C09393C2E67A}.Release|Any CPU.ActiveCfg = Release|Any CPU
		{8151D495-CE67-443A-B0B2-C09393C2E67A}.Release|Any CPU.Build.0 = Release|Any CPU
		{AE584480-D813-4BE2-9600-C27A80E4B45B}.Debug|Any CPU.ActiveCfg = Debug|Any CPU
		{AE584480-D813-4BE2-9600-C27A80E4B45B}.Debug|Any CPU.Build.0 = Debug|Any CPU
		{AE584480-D813-4BE2-9600-C27A80E4B45B}.Release|Any CPU.ActiveCfg = Release|Any CPU
		{AE584480-D813-4BE2-9600-C27A80E4B45B}.Release|Any CPU.Build.0 = Release|Any CPU
		{E086675A-7E63-47D7-BCEB-A0A6C6A86970}.Debug|Any CPU.ActiveCfg = Debug|Any CPU
		{E086675A-7E63-47D7-BCEB-A0A6C6A86970}.Debug|Any CPU.Build.0 = Debug|Any CPU
		{E086675A-7E63-47D7-BCEB-A0A6C6A86970}.Release|Any CPU.ActiveCfg = Release|Any CPU
		{E086675A-7E63-47D7-BCEB-A0A6C6A86970}.Release|Any CPU.Build.0 = Release|Any CPU
		{10F0897B-10A5-4A21-B6BA-D97E3EAF320A}.Debug|Any CPU.ActiveCfg = Debug|Any CPU
		{10F0897B-10A5-4A21-B6BA-D97E3EAF320A}.Debug|Any CPU.Build.0 = Debug|Any CPU
		{10F0897B-10A5-4A21-B6BA-D97E3EAF320A}.Release|Any CPU.ActiveCfg = Release|Any CPU
		{10F0897B-10A5-4A21-B6BA-D97E3EAF320A}.Release|Any CPU.Build.0 = Release|Any CPU
		{26313BE2-81EA-4023-8323-1743E4675762}.Debug|Any CPU.ActiveCfg = Debug|Any CPU
		{26313BE2-81EA-4023-8323-1743E4675762}.Debug|Any CPU.Build.0 = Debug|Any CPU
		{26313BE2-81EA-4023-8323-1743E4675762}.Release|Any CPU.ActiveCfg = Release|Any CPU
		{26313BE2-81EA-4023-8323-1743E4675762}.Release|Any CPU.Build.0 = Release|Any CPU
		{1A4DF909-6A28-47E7-8AB6-96B8A410396E}.Debug|Any CPU.ActiveCfg = Debug|Any CPU
		{1A4DF909-6A28-47E7-8AB6-96B8A410396E}.Debug|Any CPU.Build.0 = Debug|Any CPU
		{1A4DF909-6A28-47E7-8AB6-96B8A410396E}.Release|Any CPU.ActiveCfg = Release|Any CPU
		{1A4DF909-6A28-47E7-8AB6-96B8A410396E}.Release|Any CPU.Build.0 = Release|Any CPU
	EndGlobalSection
	GlobalSection(SolutionProperties) = preSolution
		HideSolutionNode = FALSE
	EndGlobalSection
	GlobalSection(NestedProjects) = preSolution
		{10F0897B-10A5-4A21-B6BA-D97E3EAF320A} = {33069CF8-46E5-43EB-A59A-39B33F07C86C}
		{1A4DF909-6A28-47E7-8AB6-96B8A410396E} = {33069CF8-46E5-43EB-A59A-39B33F07C86C}
	EndGlobalSection
	GlobalSection(ExtensibilityGlobals) = postSolution
		SolutionGuid = {32B7D1AF-5CCC-44D8-AD3A-9B15DA41C240}
	EndGlobalSection
EndGlobal
